
Microsoft Visual Studio Solution File, Format Version 12.00
# Visual Studio Version 17
VisualStudioVersion = 17.2.32616.157
MinimumVisualStudioVersion = 10.0.40219.1
Project("{FAE04EC0-301F-11D3-BF4B-00C04F79EFBC}") = "02082022_MuratYucedag_AdoNetDemo", "02082022_MuratYucedag_AdoNetDemo\02082022_MuratYucedag_AdoNetDemo.csproj", "{7FDDFF69-3DDC-4D89-AFA9-A41F1BB5A0C0}"
EndProject
Global
	GlobalSection(SolutionConfigurationPlatforms) = preSolution
		Debug|Any CPU = Debug|Any CPU
		Release|Any CPU = Release|Any CPU
	EndGlobalSection
	GlobalSection(ProjectConfigurationPlatforms) = postSolution
		{7FDDFF69-3DDC-4D89-AFA9-A41F1BB5A0C0}.Debug|Any CPU.ActiveCfg = Debug|Any CPU
		{7FDDFF69-3DDC-4D89-AFA9-A41F1BB5A0C0}.Debug|Any CPU.Build.0 = Debug|Any CPU
		{7FDDFF69-3DDC-4D89-AFA9-A41F1BB5A0C0}.Release|Any CPU.ActiveCfg = Release|Any CPU
		{7FDDFF69-3DDC-4D89-AFA9-A41F1BB5A0C0}.Release|Any CPU.Build.0 = Release|Any CPU
	EndGlobalSection
	GlobalSection(SolutionProperties) = preSolution
		HideSolutionNode = FALSE
	EndGlobalSection
	GlobalSection(ExtensibilityGlobals) = postSolution
		SolutionGuid = {612289F4-BEE2-4E59-B1D0-770B5F5251A5}
	EndGlobalSection
EndGlobal
